{
  "name": "hbuilderx-for-uniapp-test",
  "version": "4.9.0",
  "lockfileVersion": 3,
  "requires": true,
  "packages": {
    "": {
      "name": "hbuilderx-for-uniapp-test",
      "version": "4.9.0",
      "dependencies": {
        "adm-zip": "^0.5.17"
      },
      "engines": {
        "HBuilderX": "^3.7.3"
      }
    },
    "node_modules/adm-zip": {
      "version": "0.5.17",
      "resolved": "https://registry.npmmirror.com/adm-zip/-/adm-zip-0.5.17.tgz",
      "integrity": "sha512-+Ut8d9LLqwEvHHJl1+PIHqoyDxFgVN847JTVM3Izi3xHDWPE4UtzzXysMZQs64DMcrJfBeS/uoEP4AD3HQHnQQ==",
      "license": "MIT",
      "engines": {
        "node": ">=12.0"
      }
    }
  }
}
